github.com/0721santi/DFAAnalyzer v0.0.0-20240210055329-3acc21be04c2 h1:Dwh14baeBpBpr2n6YHUDtefSNLaOHD1cM4zEioY1rZY=
github.com/0721santi/DFAAnalyzer v0.0.0-20240210055329-3acc21be04c2/go.mod h1:mpIi4x3dXlQ6JuKeV0Z9zq7DT2hvfr8QKAfErM9CmyE=
github.com/0721santi/DFAAnalyzer v0.0.0-20240210062421-7063c8ed9f7f h1:tu20/mfiJPG/WvfMKTcP3GdrBuEte2q8bISnASlASQU=
github.com/0721santi/DFAAnalyzer v0.0.0-20240210062421-7063c8ed9f7f/go.mod h1:mpIi4x3dXlQ6JuKeV0Z9zq7DT2hvfr8QKAfErM9CmyE=
